
Microsoft Visual Studio Solution File, Format Version 12.00
# Visual Studio Version 16
VisualStudioVersion = 16.0.30011.22
MinimumVisualStudioVersion = 10.0.40219.1
Project("{8BC9CEB8-8B4A-11D0-8D11-00A0C91BC942}") = "DHS", "DHS\DHS.vcxproj", "{A088AC56-1DAE-47EE-8C46-2E4C77B5FE96}"
EndProject
Project("{8BC9CEB8-8B4A-11D0-8D11-00A0C91BC942}") = "XMS", "XMS\XMS.vcxproj", "{754D986A-A6B5-4A65-B570-2124F34ADB87}"
EndProject
Project("{8BC9CEB8-8B4A-11D0-8D11-00A0C91BC942}") = "Alarm", "Alarm\Alarm.vcxproj", "{EF0CDE79-0415-4D4F-AB3A-AABAE4A718F7}"
EndProject
Project("{8BC9CEB8-8B4A-11D0-8D11-00A0C91BC942}") = "AIS", "AIS\AIS.vcxproj", "{CA6F1EA8-4B18-464D-8669-ECF0E23C86D5}"
EndProject
Project("{8BC9CEB8-8B4A-11D0-8D11-00A0C91BC942}") = "Clock", "Clock\Clock.vcxproj", "{253A8AA2-D5C2-4682-9295-7C80FD84FC21}"
EndProject
Project("{8BC9CEB8-8B4A-11D0-8D11-00A0C91BC942}") = "ConsoleTest", "ConsoleTest\ConsoleTest.vcxproj", "{E0533CE6-7210-4720-9472-98A585B8B506}"
EndProject
Project("{8BC9CEB8-8B4A-11D0-8D11-00A0C91BC942}") = "XMQ", "XMQ\XMQ.vcxproj", "{08B43B4E-E68B-4B11-B811-E00080D7FDDB}"
EndProject
Project("{8BC9CEB8-8B4A-11D0-8D11-00A0C91BC942}") = "CMS", "CMS\CMS.vcxproj", "{91860914-FC0E-40E8-AC2F-C11903CD86F0}"
EndProject
Project("{2150E333-8FDC-42A3-9474-1A3956D46DE8}") = "AI", "AI", "{EDCA9260-FAB2-4964-8A68-5B3618AFA380}"
EndProject
Project("{2150E333-8FDC-42A3-9474-1A3956D46DE8}") = "Test", "Test", "{89FB909A-F0F2-4955-95CA-C31CC725916C}"
EndProject
Project("{2150E333-8FDC-42A3-9474-1A3956D46DE8}") = "DVS", "DVS", "{7A7D604C-726D-4E53-A702-858121571DA0}"
EndProject
Project("{2150E333-8FDC-42A3-9474-1A3956D46DE8}") = "XMS", "XMS", "{E1533352-2211-4EBC-9781-A927F7DB448F}"
EndProject
Project("{2150E333-8FDC-42A3-9474-1A3956D46DE8}") = "COM", "COM", "{80B450FF-3120-4097-954A-850726DFB952}"
EndProject
Project("{2150E333-8FDC-42A3-9474-1A3956D46DE8}") = "Pub", "Pub", "{04C4BABF-33E2-47D3-9EF9-0B14AA278E36}"
EndProject
Project("{8BC9CEB8-8B4A-11D0-8D11-00A0C91BC942}") = "DAS", "DAS\DAS.vcxproj", "{AC4696A4-7C22-469E-A2B2-AF8662F044F9}"
EndProject
Project("{2150E333-8FDC-42A3-9474-1A3956D46DE8}") = "CV", "CV", "{780D2FF4-25D3-4089-9612-0E3E9D90D6C4}"
EndProject
Project("{8BC9CEB8-8B4A-11D0-8D11-00A0C91BC942}") = "Helmet", "AI\linux\Helmet\Helmet.vcxproj", "{B1A237B4-71B5-4B7E-BE22-65459F517EF1}"
EndProject
Project("{8BC9CEB8-8B4A-11D0-8D11-00A0C91BC942}") = "DVSTest", "DVSTest\DVSTest.vcxproj", "{D0BCF71D-0196-4F17-9E22-AD67D64BC86B}"
EndProject
Project("{8BC9CEB8-8B4A-11D0-8D11-00A0C91BC942}") = "Phone", "AI\linux\Phone\Phone.vcxproj", "{A79BD389-FB6D-481D-8421-6507CEC1FF20}"
EndProject
Project("{8BC9CEB8-8B4A-11D0-8D11-00A0C91BC942}") = "Sleep", "AI\linux\Sleep\Sleep.vcxproj", "{7AE3EE5A-B17E-4FFC-B713-D9AFE0F8E04A}"
EndProject
Project("{8BC9CEB8-8B4A-11D0-8D11-00A0C91BC942}") = "Face", "AI\linux\Face\Face.vcxproj", "{77E02A7E-53E4-4F3E-BA14-37ECBB542B63}"
EndProject
Global
	GlobalSection(SolutionConfigurationPlatforms) = preSolution
		Debug|x64 = Debug|x64
		Debug|x86 = Debug|x86
		Release|x64 = Release|x64
		Release|x86 = Release|x86
	EndGlobalSection
	GlobalSection(ProjectConfigurationPlatforms) = postSolution
		{A088AC56-1DAE-47EE-8C46-2E4C77B5FE96}.Debug|x64.ActiveCfg = Debug|x64
		{A088AC56-1DAE-47EE-8C46-2E4C77B5FE96}.Debug|x64.Build.0 = Debug|x64
		{A088AC56-1DAE-47EE-8C46-2E4C77B5FE96}.Debug|x64.Deploy.0 = Debug|x64
		{A088AC56-1DAE-47EE-8C46-2E4C77B5FE96}.Debug|x86.ActiveCfg = Debug|x86
		{A088AC56-1DAE-47EE-8C46-2E4C77B5FE96}.Debug|x86.Build.0 = Debug|x86
		{A088AC56-1DAE-47EE-8C46-2E4C77B5FE96}.Debug|x86.Deploy.0 = Debug|x86
		{A088AC56-1DAE-47EE-8C46-2E4C77B5FE96}.Release|x64.ActiveCfg = Release|x64
		{A088AC56-1DAE-47EE-8C46-2E4C77B5FE96}.Release|x64.Build.0 = Release|x64
		{A088AC56-1DAE-47EE-8C46-2E4C77B5FE96}.Release|x64.Deploy.0 = Release|x64
		{A088AC56-1DAE-47EE-8C46-2E4C77B5FE96}.Release|x86.ActiveCfg = Release|x86
		{A088AC56-1DAE-47EE-8C46-2E4C77B5FE96}.Release|x86.Build.0 = Release|x86
		{A088AC56-1DAE-47EE-8C46-2E4C77B5FE96}.Release|x86.Deploy.0 = Release|x86
		{754D986A-A6B5-4A65-B570-2124F34ADB87}.Debug|x64.ActiveCfg = Debug|x64
		{754D986A-A6B5-4A65-B570-2124F34ADB87}.Debug|x64.Build.0 = Debug|x64
		{754D986A-A6B5-4A65-B570-2124F34ADB87}.Debug|x64.Deploy.0 = Debug|x64
		{754D986A-A6B5-4A65-B570-2124F34ADB87}.Debug|x86.ActiveCfg = Debug|x86
		{754D986A-A6B5-4A65-B570-2124F34ADB87}.Debug|x86.Build.0 = Debug|x86
		{754D986A-A6B5-4A65-B570-2124F34ADB87}.Debug|x86.Deploy.0 = Debug|x86
		{754D986A-A6B5-4A65-B570-2124F34ADB87}.Release|x64.ActiveCfg = Release|x64
		{754D986A-A6B5-4A65-B570-2124F34ADB87}.Release|x64.Build.0 = Release|x64
		{754D986A-A6B5-4A65-B570-2124F34ADB87}.Release|x64.Deploy.0 = Release|x64
		{754D986A-A6B5-4A65-B570-2124F34ADB87}.Release|x86.ActiveCfg = Release|x86
		{754D986A-A6B5-4A65-B570-2124F34ADB87}.Release|x86.Build.0 = Release|x86
		{754D986A-A6B5-4A65-B570-2124F34ADB87}.Release|x86.Deploy.0 = Release|x86
		{EF0CDE79-0415-4D4F-AB3A-AABAE4A718F7}.Debug|x64.ActiveCfg = Debug|x64
		{EF0CDE79-0415-4D4F-AB3A-AABAE4A718F7}.Debug|x64.Build.0 = Debug|x64
		{EF0CDE79-0415-4D4F-AB3A-AABAE4A718F7}.Debug|x64.Deploy.0 = Debug|x64
		{EF0CDE79-0415-4D4F-AB3A-AABAE4A718F7}.Debug|x86.ActiveCfg = Debug|x86
		{EF0CDE79-0415-4D4F-AB3A-AABAE4A718F7}.Debug|x86.Build.0 = Debug|x86
		{EF0CDE79-0415-4D4F-AB3A-AABAE4A718F7}.Debug|x86.Deploy.0 = Debug|x86
		{EF0CDE79-0415-4D4F-AB3A-AABAE4A718F7}.Release|x64.ActiveCfg = Release|x64
		{EF0CDE79-0415-4D4F-AB3A-AABAE4A718F7}.Release|x64.Build.0 = Release|x64
		{EF0CDE79-0415-4D4F-AB3A-AABAE4A718F7}.Release|x64.Deploy.0 = Release|x64
		{EF0CDE79-0415-4D4F-AB3A-AABAE4A718F7}.Release|x86.ActiveCfg = Release|x86
		{EF0CDE79-0415-4D4F-AB3A-AABAE4A718F7}.Release|x86.Build.0 = Release|x86
		{EF0CDE79-0415-4D4F-AB3A-AABAE4A718F7}.Release|x86.Deploy.0 = Release|x86
		{CA6F1EA8-4B18-464D-8669-ECF0E23C86D5}.Debug|x64.ActiveCfg = Debug|x64
		{CA6F1EA8-4B18-464D-8669-ECF0E23C86D5}.Debug|x64.Build.0 = Debug|x64
		{CA6F1EA8-4B18-464D-8669-ECF0E23C86D5}.Debug|x64.Deploy.0 = Debug|x64
		{CA6F1EA8-4B18-464D-8669-ECF0E23C86D5}.Debug|x86.ActiveCfg = Debug|x86
		{CA6F1EA8-4B18-464D-8669-ECF0E23C86D5}.Debug|x86.Build.0 = Debug|x86
		{CA6F1EA8-4B18-464D-8669-ECF0E23C86D5}.Debug|x86.Deploy.0 = Debug|x86
		{CA6F1EA8-4B18-464D-8669-ECF0E23C86D5}.Release|x64.ActiveCfg = Release|x64
		{CA6F1EA8-4B18-464D-8669-ECF0E23C86D5}.Release|x64.Build.0 = Release|x64
		{CA6F1EA8-4B18-464D-8669-ECF0E23C86D5}.Release|x64.Deploy.0 = Release|x64
		{CA6F1EA8-4B18-464D-8669-ECF0E23C86D5}.Release|x86.ActiveCfg = Release|x86
		{CA6F1EA8-4B18-464D-8669-ECF0E23C86D5}.Release|x86.Build.0 = Release|x86
		{CA6F1EA8-4B18-464D-8669-ECF0E23C86D5}.Release|x86.Deploy.0 = Release|x86
		{253A8AA2-D5C2-4682-9295-7C80FD84FC21}.Debug|x64.ActiveCfg = Debug|x64
		{253A8AA2-D5C2-4682-9295-7C80FD84FC21}.Debug|x64.Build.0 = Debug|x64
		{253A8AA2-D5C2-4682-9295-7C80FD84FC21}.Debug|x64.Deploy.0 = Debug|x64
		{253A8AA2-D5C2-4682-9295-7C80FD84FC21}.Debug|x86.ActiveCfg = Debug|x86
		{253A8AA2-D5C2-4682-9295-7C80FD84FC21}.Debug|x86.Build.0 = Debug|x86
		{253A8AA2-D5C2-4682-9295-7C80FD84FC21}.Debug|x86.Deploy.0 = Debug|x86
		{253A8AA2-D5C2-4682-9295-7C80FD84FC21}.Release|x64.ActiveCfg = Release|x64
		{253A8AA2-D5C2-4682-9295-7C80FD84FC21}.Release|x64.Build.0 = Release|x64
		{253A8AA2-D5C2-4682-9295-7C80FD84FC21}.Release|x64.Deploy.0 = Release|x64
		{253A8AA2-D5C2-4682-9295-7C80FD84FC21}.Release|x86.ActiveCfg = Release|x86
		{253A8AA2-D5C2-4682-9295-7C80FD84FC21}.Release|x86.Build.0 = Release|x86
		{253A8AA2-D5C2-4682-9295-7C80FD84FC21}.Release|x86.Deploy.0 = Release|x86
		{E0533CE6-7210-4720-9472-98A585B8B506}.Debug|x64.ActiveCfg = Debug|x64
		{E0533CE6-7210-4720-9472-98A585B8B506}.Debug|x64.Build.0 = Debug|x64
		{E0533CE6-7210-4720-9472-98A585B8B506}.Debug|x86.ActiveCfg = Debug|Win32
		{E0533CE6-7210-4720-9472-98A585B8B506}.Debug|x86.Build.0 = Debug|Win32
		{E0533CE6-7210-4720-9472-98A585B8B506}.Release|x64.ActiveCfg = Release|x64
		{E0533CE6-7210-4720-9472-98A585B8B506}.Release|x64.Build.0 = Release|x64
		{E0533CE6-7210-4720-9472-98A585B8B506}.Release|x86.ActiveCfg = Release|Win32
		{E0533CE6-7210-4720-9472-98A585B8B506}.Release|x86.Build.0 = Release|Win32
		{08B43B4E-E68B-4B11-B811-E00080D7FDDB}.Debug|x64.ActiveCfg = Debug|x64
		{08B43B4E-E68B-4B11-B811-E00080D7FDDB}.Debug|x64.Build.0 = Debug|x64
		{08B43B4E-E68B-4B11-B811-E00080D7FDDB}.Debug|x64.Deploy.0 = Debug|x64
		{08B43B4E-E68B-4B11-B811-E00080D7FDDB}.Debug|x86.ActiveCfg = Debug|x86
		{08B43B4E-E68B-4B11-B811-E00080D7FDDB}.Debug|x86.Build.0 = Debug|x86
		{08B43B4E-E68B-4B11-B811-E00080D7FDDB}.Debug|x86.Deploy.0 = Debug|x86
		{08B43B4E-E68B-4B11-B811-E00080D7FDDB}.Release|x64.ActiveCfg = Release|x64
		{08B43B4E-E68B-4B11-B811-E00080D7FDDB}.Release|x64.Build.0 = Release|x64
		{08B43B4E-E68B-4B11-B811-E00080D7FDDB}.Release|x64.Deploy.0 = Release|x64
		{08B43B4E-E68B-4B11-B811-E00080D7FDDB}.Release|x86.ActiveCfg = Release|x86
		{08B43B4E-E68B-4B11-B811-E00080D7FDDB}.Release|x86.Build.0 = Release|x86
		{08B43B4E-E68B-4B11-B811-E00080D7FDDB}.Release|x86.Deploy.0 = Release|x86
		{91860914-FC0E-40E8-AC2F-C11903CD86F0}.Debug|x64.ActiveCfg = Debug|x64
		{91860914-FC0E-40E8-AC2F-C11903CD86F0}.Debug|x64.Build.0 = Debug|x64
		{91860914-FC0E-40E8-AC2F-C11903CD86F0}.Debug|x64.Deploy.0 = Debug|x64
		{91860914-FC0E-40E8-AC2F-C11903CD86F0}.Debug|x86.ActiveCfg = Debug|x86
		{91860914-FC0E-40E8-AC2F-C11903CD86F0}.Debug|x86.Build.0 = Debug|x86
		{91860914-FC0E-40E8-AC2F-C11903CD86F0}.Debug|x86.Deploy.0 = Debug|x86
		{91860914-FC0E-40E8-AC2F-C11903CD86F0}.Release|x64.ActiveCfg = Release|x64
		{91860914-FC0E-40E8-AC2F-C11903CD86F0}.Release|x64.Build.0 = Release|x64
		{91860914-FC0E-40E8-AC2F-C11903CD86F0}.Release|x64.Deploy.0 = Release|x64
		{91860914-FC0E-40E8-AC2F-C11903CD86F0}.Release|x86.ActiveCfg = Release|x86
		{91860914-FC0E-40E8-AC2F-C11903CD86F0}.Release|x86.Build.0 = Release|x86
		{91860914-FC0E-40E8-AC2F-C11903CD86F0}.Release|x86.Deploy.0 = Release|x86
		{AC4696A4-7C22-469E-A2B2-AF8662F044F9}.Debug|x64.ActiveCfg = Debug|x64
		{AC4696A4-7C22-469E-A2B2-AF8662F044F9}.Debug|x64.Build.0 = Debug|x64
		{AC4696A4-7C22-469E-A2B2-AF8662F044F9}.Debug|x64.Deploy.0 = Debug|x64
		{AC4696A4-7C22-469E-A2B2-AF8662F044F9}.Debug|x86.ActiveCfg = Debug|x86
		{AC4696A4-7C22-469E-A2B2-AF8662F044F9}.Debug|x86.Build.0 = Debug|x86
		{AC4696A4-7C22-469E-A2B2-AF8662F044F9}.Debug|x86.Deploy.0 = Debug|x86
		{AC4696A4-7C22-469E-A2B2-AF8662F044F9}.Release|x64.ActiveCfg = Release|x64
		{AC4696A4-7C22-469E-A2B2-AF8662F044F9}.Release|x64.Build.0 = Release|x64
		{AC4696A4-7C22-469E-A2B2-AF8662F044F9}.Release|x64.Deploy.0 = Release|x64
		{AC4696A4-7C22-469E-A2B2-AF8662F044F9}.Release|x86.ActiveCfg = Release|x86
		{AC4696A4-7C22-469E-A2B2-AF8662F044F9}.Release|x86.Build.0 = Release|x86
		{AC4696A4-7C22-469E-A2B2-AF8662F044F9}.Release|x86.Deploy.0 = Release|x86
		{B1A237B4-71B5-4B7E-BE22-65459F517EF1}.Debug|x64.ActiveCfg = Debug|x64
		{B1A237B4-71B5-4B7E-BE22-65459F517EF1}.Debug|x64.Build.0 = Debug|x64
		{B1A237B4-71B5-4B7E-BE22-65459F517EF1}.Debug|x64.Deploy.0 = Debug|x64
		{B1A237B4-71B5-4B7E-BE22-65459F517EF1}.Debug|x86.ActiveCfg = Debug|x86
		{B1A237B4-71B5-4B7E-BE22-65459F517EF1}.Debug|x86.Build.0 = Debug|x86
		{B1A237B4-71B5-4B7E-BE22-65459F517EF1}.Debug|x86.Deploy.0 = Debug|x86
		{B1A237B4-71B5-4B7E-BE22-65459F517EF1}.Release|x64.ActiveCfg = Release|x64
		{B1A237B4-71B5-4B7E-BE22-65459F517EF1}.Release|x64.Build.0 = Release|x64
		{B1A237B4-71B5-4B7E-BE22-65459F517EF1}.Release|x64.Deploy.0 = Release|x64
		{B1A237B4-71B5-4B7E-BE22-65459F517EF1}.Release|x86.ActiveCfg = Release|x86
		{B1A237B4-71B5-4B7E-BE22-65459F517EF1}.Release|x86.Build.0 = Release|x86
		{B1A237B4-71B5-4B7E-BE22-65459F517EF1}.Release|x86.Deploy.0 = Release|x86
		{D0BCF71D-0196-4F17-9E22-AD67D64BC86B}.Debug|x64.ActiveCfg = Debug|x64
		{D0BCF71D-0196-4F17-9E22-AD67D64BC86B}.Debug|x64.Build.0 = Debug|x64
		{D0BCF71D-0196-4F17-9E22-AD67D64BC86B}.Debug|x64.Deploy.0 = Debug|x64
		{D0BCF71D-0196-4F17-9E22-AD67D64BC86B}.Debug|x86.ActiveCfg = Debug|x86
		{D0BCF71D-0196-4F17-9E22-AD67D64BC86B}.Debug|x86.Build.0 = Debug|x86
		{D0BCF71D-0196-4F17-9E22-AD67D64BC86B}.Debug|x86.Deploy.0 = Debug|x86
		{D0BCF71D-0196-4F17-9E22-AD67D64BC86B}.Release|x64.ActiveCfg = Release|x64
		{D0BCF71D-0196-4F17-9E22-AD67D64BC86B}.Release|x64.Build.0 = Release|x64
		{D0BCF71D-0196-4F17-9E22-AD67D64BC86B}.Release|x64.Deploy.0 = Release|x64
		{D0BCF71D-0196-4F17-9E22-AD67D64BC86B}.Release|x86.ActiveCfg = Release|x86
		{D0BCF71D-0196-4F17-9E22-AD67D64BC86B}.Release|x86.Build.0 = Release|x86
		{D0BCF71D-0196-4F17-9E22-AD67D64BC86B}.Release|x86.Deploy.0 = Release|x86
		{A79BD389-FB6D-481D-8421-6507CEC1FF20}.Debug|x64.ActiveCfg = Debug|x64
		{A79BD389-FB6D-481D-8421-6507CEC1FF20}.Debug|x64.Build.0 = Debug|x64
		{A79BD389-FB6D-481D-8421-6507CEC1FF20}.Debug|x64.Deploy.0 = Debug|x64
		{A79BD389-FB6D-481D-8421-6507CEC1FF20}.Debug|x86.ActiveCfg = Debug|x86
		{A79BD389-FB6D-481D-8421-6507CEC1FF20}.Debug|x86.Build.0 = Debug|x86
		{A79BD389-FB6D-481D-8421-6507CEC1FF20}.Debug|x86.Deploy.0 = Debug|x86
		{A79BD389-FB6D-481D-8421-6507CEC1FF20}.Release|x64.ActiveCfg = Release|x64
		{A79BD389-FB6D-481D-8421-6507CEC1FF20}.Release|x64.Build.0 = Release|x64
		{A79BD389-FB6D-481D-8421-6507CEC1FF20}.Release|x64.Deploy.0 = Release|x64
		{A79BD389-FB6D-481D-8421-6507CEC1FF20}.Release|x86.ActiveCfg = Release|x86
		{A79BD389-FB6D-481D-8421-6507CEC1FF20}.Release|x86.Build.0 = Release|x86
		{A79BD389-FB6D-481D-8421-6507CEC1FF20}.Release|x86.Deploy.0 = Release|x86
		{7AE3EE5A-B17E-4FFC-B713-D9AFE0F8E04A}.Debug|x64.ActiveCfg = Debug|x64
		{7AE3EE5A-B17E-4FFC-B713-D9AFE0F8E04A}.Debug|x64.Build.0 = Debug|x64
		{7AE3EE5A-B17E-4FFC-B713-D9AFE0F8E04A}.Debug|x64.Deploy.0 = Debug|x64
		{7AE3EE5A-B17E-4FFC-B713-D9AFE0F8E04A}.Debug|x86.ActiveCfg = Debug|x86
		{7AE3EE5A-B17E-4FFC-B713-D9AFE0F8E04A}.Debug|x86.Build.0 = Debug|x86
		{7AE3EE5A-B17E-4FFC-B713-D9AFE0F8E04A}.Debug|x86.Deploy.0 = Debug|x86
		{7AE3EE5A-B17E-4FFC-B713-D9AFE0F8E04A}.Release|x64.ActiveCfg = Release|x64
		{7AE3EE5A-B17E-4FFC-B713-D9AFE0F8E04A}.Release|x64.Build.0 = Release|x64
		{7AE3EE5A-B17E-4FFC-B713-D9AFE0F8E04A}.Release|x64.Deploy.0 = Release|x64
		{7AE3EE5A-B17E-4FFC-B713-D9AFE0F8E04A}.Release|x86.ActiveCfg = Release|x86
		{7AE3EE5A-B17E-4FFC-B713-D9AFE0F8E04A}.Release|x86.Build.0 = Release|x86
		{7AE3EE5A-B17E-4FFC-B713-D9AFE0F8E04A}.Release|x86.Deploy.0 = Release|x86
		{77E02A7E-53E4-4F3E-BA14-37ECBB542B63}.Debug|x64.ActiveCfg = Debug|x64
		{77E02A7E-53E4-4F3E-BA14-37ECBB542B63}.Debug|x64.Build.0 = Debug|x64
		{77E02A7E-53E4-4F3E-BA14-37ECBB542B63}.Debug|x64.Deploy.0 = Debug|x64
		{77E02A7E-53E4-4F3E-BA14-37ECBB542B63}.Debug|x86.ActiveCfg = Debug|x86
		{77E02A7E-53E4-4F3E-BA14-37ECBB542B63}.Debug|x86.Build.0 = Debug|x86
		{77E02A7E-53E4-4F3E-BA14-37ECBB542B63}.Debug|x86.Deploy.0 = Debug|x86
		{77E02A7E-53E4-4F3E-BA14-37ECBB542B63}.Release|x64.ActiveCfg = Release|x64
		{77E02A7E-53E4-4F3E-BA14-37ECBB542B63}.Release|x64.Build.0 = Release|x64
		{77E02A7E-53E4-4F3E-BA14-37ECBB542B63}.Release|x64.Deploy.0 = Release|x64
		{77E02A7E-53E4-4F3E-BA14-37ECBB542B63}.Release|x86.ActiveCfg = Release|x86
		{77E02A7E-53E4-4F3E-BA14-37ECBB542B63}.Release|x86.Build.0 = Release|x86
		{77E02A7E-53E4-4F3E-BA14-37ECBB542B63}.Release|x86.Deploy.0 = Release|x86
	EndGlobalSection
	GlobalSection(SolutionProperties) = preSolution
		HideSolutionNode = FALSE
	EndGlobalSection
	GlobalSection(NestedProjects) = preSolution
		{A088AC56-1DAE-47EE-8C46-2E4C77B5FE96} = {7A7D604C-726D-4E53-A702-858121571DA0}
		{754D986A-A6B5-4A65-B570-2124F34ADB87} = {E1533352-2211-4EBC-9781-A927F7DB448F}
		{EF0CDE79-0415-4D4F-AB3A-AABAE4A718F7} = {04C4BABF-33E2-47D3-9EF9-0B14AA278E36}
		{CA6F1EA8-4B18-464D-8669-ECF0E23C86D5} = {80B450FF-3120-4097-954A-850726DFB952}
		{253A8AA2-D5C2-4682-9295-7C80FD84FC21} = {80B450FF-3120-4097-954A-850726DFB952}
		{E0533CE6-7210-4720-9472-98A585B8B506} = {89FB909A-F0F2-4955-95CA-C31CC725916C}
		{780D2FF4-25D3-4089-9612-0E3E9D90D6C4} = {EDCA9260-FAB2-4964-8A68-5B3618AFA380}
		{B1A237B4-71B5-4B7E-BE22-65459F517EF1} = {780D2FF4-25D3-4089-9612-0E3E9D90D6C4}
		{D0BCF71D-0196-4F17-9E22-AD67D64BC86B} = {89FB909A-F0F2-4955-95CA-C31CC725916C}
		{A79BD389-FB6D-481D-8421-6507CEC1FF20} = {780D2FF4-25D3-4089-9612-0E3E9D90D6C4}
		{7AE3EE5A-B17E-4FFC-B713-D9AFE0F8E04A} = {780D2FF4-25D3-4089-9612-0E3E9D90D6C4}
		{77E02A7E-53E4-4F3E-BA14-37ECBB542B63} = {780D2FF4-25D3-4089-9612-0E3E9D90D6C4}
	EndGlobalSection
	GlobalSection(ExtensibilityGlobals) = postSolution
		SolutionGuid = {7761F6B2-C1C4-49AD-869D-DB26F3A433AE}
	EndGlobalSection
EndGlobal
