
Microsoft Visual Studio Solution File, Format Version 12.00
# Visual Studio Version 16
VisualStudioVersion = 16.0.30011.22
MinimumVisualStudioVersion = 10.0.40219.1
Project("{8BC9CEB8-8B4A-11D0-8D11-00A0C91BC942}") = "MessageDispatcherCenter", "MessageDispatcherCenter\MessageDispatcherCenter.vcxproj", "{08B43B4E-E68B-4B11-B811-E00080D7FDDB}"
EndProject
Project("{8BC9CEB8-8B4A-11D0-8D11-00A0C91BC942}") = "MessageDispatcherPeer", "MessageDispatcherPeer\MessageDispatcherPeer.vcxproj", "{F5B8499D-D63D-44A7-AFCF-B9B47B90CA81}"
EndProject
Project("{8BC9CEB8-8B4A-11D0-8D11-00A0C91BC942}") = "AIServiceComponent", "AIServiceComponent\AIServiceComponent.vcxproj", "{F6D34C96-E69D-49DD-A6EB-BC3FF636EED9}"
EndProject
Project("{8BC9CEB8-8B4A-11D0-8D11-00A0C91BC942}") = "HKDeviceComponent", "HKDeviceComponent\HKDeviceComponent.vcxproj", "{A088AC56-1DAE-47EE-8C46-2E4C77B5FE96}"
EndProject
Project("{8BC9CEB8-8B4A-11D0-8D11-00A0C91BC942}") = "DHDeviceComponent", "DHDeviceComponent\DHDeviceComponent.vcxproj", "{2EC73647-7736-46F2-A333-7E798BBFA416}"
EndProject
Project("{8BC9CEB8-8B4A-11D0-8D11-00A0C91BC942}") = "AlarmPusherComponent", "AlarmPusherComponent\AlarmPusherComponent.vcxproj", "{205841B3-0DBD-4AC4-9AB8-36E48FD1A1EC}"
EndProject
Project("{8BC9CEB8-8B4A-11D0-8D11-00A0C91BC942}") = "HelmetDetectComponent", "HelmetDetectComponent\HelmetDetectComponent.vcxproj", "{DA93E06A-0E25-42FE-8D64-B76949058A12}"
EndProject
Project("{8BC9CEB8-8B4A-11D0-8D11-00A0C91BC942}") = "MediaStreamComponent", "MediaStreamComponent\MediaStreamComponent.vcxproj", "{754D986A-A6B5-4A65-B570-2124F34ADB87}"
EndProject
Global
	GlobalSection(SolutionConfigurationPlatforms) = preSolution
		Debug|ARM = Debug|ARM
		Debug|ARM64 = Debug|ARM64
		Debug|x64 = Debug|x64
		Debug|x86 = Debug|x86
		Release|ARM = Release|ARM
		Release|ARM64 = Release|ARM64
		Release|x64 = Release|x64
		Release|x86 = Release|x86
	EndGlobalSection
	GlobalSection(ProjectConfigurationPlatforms) = postSolution
		{08B43B4E-E68B-4B11-B811-E00080D7FDDB}.Debug|ARM.ActiveCfg = Debug|ARM
		{08B43B4E-E68B-4B11-B811-E00080D7FDDB}.Debug|ARM.Build.0 = Debug|ARM
		{08B43B4E-E68B-4B11-B811-E00080D7FDDB}.Debug|ARM.Deploy.0 = Debug|ARM
		{08B43B4E-E68B-4B11-B811-E00080D7FDDB}.Debug|ARM64.ActiveCfg = Debug|ARM64
		{08B43B4E-E68B-4B11-B811-E00080D7FDDB}.Debug|ARM64.Build.0 = Debug|ARM64
		{08B43B4E-E68B-4B11-B811-E00080D7FDDB}.Debug|ARM64.Deploy.0 = Debug|ARM64
		{08B43B4E-E68B-4B11-B811-E00080D7FDDB}.Debug|x64.ActiveCfg = Debug|x64
		{08B43B4E-E68B-4B11-B811-E00080D7FDDB}.Debug|x64.Build.0 = Debug|x64
		{08B43B4E-E68B-4B11-B811-E00080D7FDDB}.Debug|x64.Deploy.0 = Debug|x64
		{08B43B4E-E68B-4B11-B811-E00080D7FDDB}.Debug|x86.ActiveCfg = Debug|x86
		{08B43B4E-E68B-4B11-B811-E00080D7FDDB}.Debug|x86.Build.0 = Debug|x86
		{08B43B4E-E68B-4B11-B811-E00080D7FDDB}.Debug|x86.Deploy.0 = Debug|x86
		{08B43B4E-E68B-4B11-B811-E00080D7FDDB}.Release|ARM.ActiveCfg = Release|ARM
		{08B43B4E-E68B-4B11-B811-E00080D7FDDB}.Release|ARM.Build.0 = Release|ARM
		{08B43B4E-E68B-4B11-B811-E00080D7FDDB}.Release|ARM.Deploy.0 = Release|ARM
		{08B43B4E-E68B-4B11-B811-E00080D7FDDB}.Release|ARM64.ActiveCfg = Release|ARM64
		{08B43B4E-E68B-4B11-B811-E00080D7FDDB}.Release|ARM64.Build.0 = Release|ARM64
		{08B43B4E-E68B-4B11-B811-E00080D7FDDB}.Release|ARM64.Deploy.0 = Release|ARM64
		{08B43B4E-E68B-4B11-B811-E00080D7FDDB}.Release|x64.ActiveCfg = Release|x64
		{08B43B4E-E68B-4B11-B811-E00080D7FDDB}.Release|x64.Build.0 = Release|x64
		{08B43B4E-E68B-4B11-B811-E00080D7FDDB}.Release|x64.Deploy.0 = Release|x64
		{08B43B4E-E68B-4B11-B811-E00080D7FDDB}.Release|x86.ActiveCfg = Release|x86
		{08B43B4E-E68B-4B11-B811-E00080D7FDDB}.Release|x86.Build.0 = Release|x86
		{08B43B4E-E68B-4B11-B811-E00080D7FDDB}.Release|x86.Deploy.0 = Release|x86
		{F5B8499D-D63D-44A7-AFCF-B9B47B90CA81}.Debug|ARM.ActiveCfg = Debug|ARM
		{F5B8499D-D63D-44A7-AFCF-B9B47B90CA81}.Debug|ARM.Build.0 = Debug|ARM
		{F5B8499D-D63D-44A7-AFCF-B9B47B90CA81}.Debug|ARM.Deploy.0 = Debug|ARM
		{F5B8499D-D63D-44A7-AFCF-B9B47B90CA81}.Debug|ARM64.ActiveCfg = Debug|ARM64
		{F5B8499D-D63D-44A7-AFCF-B9B47B90CA81}.Debug|ARM64.Build.0 = Debug|ARM64
		{F5B8499D-D63D-44A7-AFCF-B9B47B90CA81}.Debug|ARM64.Deploy.0 = Debug|ARM64
		{F5B8499D-D63D-44A7-AFCF-B9B47B90CA81}.Debug|x64.ActiveCfg = Debug|x64
		{F5B8499D-D63D-44A7-AFCF-B9B47B90CA81}.Debug|x64.Build.0 = Debug|x64
		{F5B8499D-D63D-44A7-AFCF-B9B47B90CA81}.Debug|x64.Deploy.0 = Debug|x64
		{F5B8499D-D63D-44A7-AFCF-B9B47B90CA81}.Debug|x86.ActiveCfg = Debug|x86
		{F5B8499D-D63D-44A7-AFCF-B9B47B90CA81}.Debug|x86.Build.0 = Debug|x86
		{F5B8499D-D63D-44A7-AFCF-B9B47B90CA81}.Debug|x86.Deploy.0 = Debug|x86
		{F5B8499D-D63D-44A7-AFCF-B9B47B90CA81}.Release|ARM.ActiveCfg = Release|ARM
		{F5B8499D-D63D-44A7-AFCF-B9B47B90CA81}.Release|ARM.Build.0 = Release|ARM
		{F5B8499D-D63D-44A7-AFCF-B9B47B90CA81}.Release|ARM.Deploy.0 = Release|ARM
		{F5B8499D-D63D-44A7-AFCF-B9B47B90CA81}.Release|ARM64.ActiveCfg = Release|ARM64
		{F5B8499D-D63D-44A7-AFCF-B9B47B90CA81}.Release|ARM64.Build.0 = Release|ARM64
		{F5B8499D-D63D-44A7-AFCF-B9B47B90CA81}.Release|ARM64.Deploy.0 = Release|ARM64
		{F5B8499D-D63D-44A7-AFCF-B9B47B90CA81}.Release|x64.ActiveCfg = Release|x64
		{F5B8499D-D63D-44A7-AFCF-B9B47B90CA81}.Release|x64.Build.0 = Release|x64
		{F5B8499D-D63D-44A7-AFCF-B9B47B90CA81}.Release|x64.Deploy.0 = Release|x64
		{F5B8499D-D63D-44A7-AFCF-B9B47B90CA81}.Release|x86.ActiveCfg = Release|x86
		{F5B8499D-D63D-44A7-AFCF-B9B47B90CA81}.Release|x86.Build.0 = Release|x86
		{F5B8499D-D63D-44A7-AFCF-B9B47B90CA81}.Release|x86.Deploy.0 = Release|x86
		{F6D34C96-E69D-49DD-A6EB-BC3FF636EED9}.Debug|ARM.ActiveCfg = Debug|ARM
		{F6D34C96-E69D-49DD-A6EB-BC3FF636EED9}.Debug|ARM.Build.0 = Debug|ARM
		{F6D34C96-E69D-49DD-A6EB-BC3FF636EED9}.Debug|ARM.Deploy.0 = Debug|ARM
		{F6D34C96-E69D-49DD-A6EB-BC3FF636EED9}.Debug|ARM64.ActiveCfg = Debug|ARM64
		{F6D34C96-E69D-49DD-A6EB-BC3FF636EED9}.Debug|ARM64.Build.0 = Debug|ARM64
		{F6D34C96-E69D-49DD-A6EB-BC3FF636EED9}.Debug|ARM64.Deploy.0 = Debug|ARM64
		{F6D34C96-E69D-49DD-A6EB-BC3FF636EED9}.Debug|x64.ActiveCfg = Debug|x64
		{F6D34C96-E69D-49DD-A6EB-BC3FF636EED9}.Debug|x64.Build.0 = Debug|x64
		{F6D34C96-E69D-49DD-A6EB-BC3FF636EED9}.Debug|x64.Deploy.0 = Debug|x64
		{F6D34C96-E69D-49DD-A6EB-BC3FF636EED9}.Debug|x86.ActiveCfg = Debug|x86
		{F6D34C96-E69D-49DD-A6EB-BC3FF636EED9}.Debug|x86.Build.0 = Debug|x86
		{F6D34C96-E69D-49DD-A6EB-BC3FF636EED9}.Debug|x86.Deploy.0 = Debug|x86
		{F6D34C96-E69D-49DD-A6EB-BC3FF636EED9}.Release|ARM.ActiveCfg = Release|ARM
		{F6D34C96-E69D-49DD-A6EB-BC3FF636EED9}.Release|ARM.Build.0 = Release|ARM
		{F6D34C96-E69D-49DD-A6EB-BC3FF636EED9}.Release|ARM.Deploy.0 = Release|ARM
		{F6D34C96-E69D-49DD-A6EB-BC3FF636EED9}.Release|ARM64.ActiveCfg = Release|ARM64
		{F6D34C96-E69D-49DD-A6EB-BC3FF636EED9}.Release|ARM64.Build.0 = Release|ARM64
		{F6D34C96-E69D-49DD-A6EB-BC3FF636EED9}.Release|ARM64.Deploy.0 = Release|ARM64
		{F6D34C96-E69D-49DD-A6EB-BC3FF636EED9}.Release|x64.ActiveCfg = Release|x64
		{F6D34C96-E69D-49DD-A6EB-BC3FF636EED9}.Release|x64.Build.0 = Release|x64
		{F6D34C96-E69D-49DD-A6EB-BC3FF636EED9}.Release|x64.Deploy.0 = Release|x64
		{F6D34C96-E69D-49DD-A6EB-BC3FF636EED9}.Release|x86.ActiveCfg = Release|x86
		{F6D34C96-E69D-49DD-A6EB-BC3FF636EED9}.Release|x86.Build.0 = Release|x86
		{F6D34C96-E69D-49DD-A6EB-BC3FF636EED9}.Release|x86.Deploy.0 = Release|x86
		{A088AC56-1DAE-47EE-8C46-2E4C77B5FE96}.Debug|ARM.ActiveCfg = Debug|ARM
		{A088AC56-1DAE-47EE-8C46-2E4C77B5FE96}.Debug|ARM.Build.0 = Debug|ARM
		{A088AC56-1DAE-47EE-8C46-2E4C77B5FE96}.Debug|ARM.Deploy.0 = Debug|ARM
		{A088AC56-1DAE-47EE-8C46-2E4C77B5FE96}.Debug|ARM64.ActiveCfg = Debug|ARM64
		{A088AC56-1DAE-47EE-8C46-2E4C77B5FE96}.Debug|ARM64.Build.0 = Debug|ARM64
		{A088AC56-1DAE-47EE-8C46-2E4C77B5FE96}.Debug|ARM64.Deploy.0 = Debug|ARM64
		{A088AC56-1DAE-47EE-8C46-2E4C77B5FE96}.Debug|x64.ActiveCfg = Debug|x64
		{A088AC56-1DAE-47EE-8C46-2E4C77B5FE96}.Debug|x64.Build.0 = Debug|x64
		{A088AC56-1DAE-47EE-8C46-2E4C77B5FE96}.Debug|x64.Deploy.0 = Debug|x64
		{A088AC56-1DAE-47EE-8C46-2E4C77B5FE96}.Debug|x86.ActiveCfg = Debug|x86
		{A088AC56-1DAE-47EE-8C46-2E4C77B5FE96}.Debug|x86.Build.0 = Debug|x86
		{A088AC56-1DAE-47EE-8C46-2E4C77B5FE96}.Debug|x86.Deploy.0 = Debug|x86
		{A088AC56-1DAE-47EE-8C46-2E4C77B5FE96}.Release|ARM.ActiveCfg = Release|ARM
		{A088AC56-1DAE-47EE-8C46-2E4C77B5FE96}.Release|ARM.Build.0 = Release|ARM
		{A088AC56-1DAE-47EE-8C46-2E4C77B5FE96}.Release|ARM.Deploy.0 = Release|ARM
		{A088AC56-1DAE-47EE-8C46-2E4C77B5FE96}.Release|ARM64.ActiveCfg = Release|ARM64
		{A088AC56-1DAE-47EE-8C46-2E4C77B5FE96}.Release|ARM64.Build.0 = Release|ARM64
		{A088AC56-1DAE-47EE-8C46-2E4C77B5FE96}.Release|ARM64.Deploy.0 = Release|ARM64
		{A088AC56-1DAE-47EE-8C46-2E4C77B5FE96}.Release|x64.ActiveCfg = Release|x64
		{A088AC56-1DAE-47EE-8C46-2E4C77B5FE96}.Release|x64.Build.0 = Release|x64
		{A088AC56-1DAE-47EE-8C46-2E4C77B5FE96}.Release|x64.Deploy.0 = Release|x64
		{A088AC56-1DAE-47EE-8C46-2E4C77B5FE96}.Release|x86.ActiveCfg = Release|x86
		{A088AC56-1DAE-47EE-8C46-2E4C77B5FE96}.Release|x86.Build.0 = Release|x86
		{A088AC56-1DAE-47EE-8C46-2E4C77B5FE96}.Release|x86.Deploy.0 = Release|x86
		{2EC73647-7736-46F2-A333-7E798BBFA416}.Debug|ARM.ActiveCfg = Debug|ARM
		{2EC73647-7736-46F2-A333-7E798BBFA416}.Debug|ARM.Build.0 = Debug|ARM
		{2EC73647-7736-46F2-A333-7E798BBFA416}.Debug|ARM.Deploy.0 = Debug|ARM
		{2EC73647-7736-46F2-A333-7E798BBFA416}.Debug|ARM64.ActiveCfg = Debug|ARM64
		{2EC73647-7736-46F2-A333-7E798BBFA416}.Debug|ARM64.Build.0 = Debug|ARM64
		{2EC73647-7736-46F2-A333-7E798BBFA416}.Debug|ARM64.Deploy.0 = Debug|ARM64
		{2EC73647-7736-46F2-A333-7E798BBFA416}.Debug|x64.ActiveCfg = Debug|x64
		{2EC73647-7736-46F2-A333-7E798BBFA416}.Debug|x64.Build.0 = Debug|x64
		{2EC73647-7736-46F2-A333-7E798BBFA416}.Debug|x64.Deploy.0 = Debug|x64
		{2EC73647-7736-46F2-A333-7E798BBFA416}.Debug|x86.ActiveCfg = Debug|x86
		{2EC73647-7736-46F2-A333-7E798BBFA416}.Debug|x86.Build.0 = Debug|x86
		{2EC73647-7736-46F2-A333-7E798BBFA416}.Debug|x86.Deploy.0 = Debug|x86
		{2EC73647-7736-46F2-A333-7E798BBFA416}.Release|ARM.ActiveCfg = Release|ARM
		{2EC73647-7736-46F2-A333-7E798BBFA416}.Release|ARM.Build.0 = Release|ARM
		{2EC73647-7736-46F2-A333-7E798BBFA416}.Release|ARM.Deploy.0 = Release|ARM
		{2EC73647-7736-46F2-A333-7E798BBFA416}.Release|ARM64.ActiveCfg = Release|ARM64
		{2EC73647-7736-46F2-A333-7E798BBFA416}.Release|ARM64.Build.0 = Release|ARM64
		{2EC73647-7736-46F2-A333-7E798BBFA416}.Release|ARM64.Deploy.0 = Release|ARM64
		{2EC73647-7736-46F2-A333-7E798BBFA416}.Release|x64.ActiveCfg = Release|x64
		{2EC73647-7736-46F2-A333-7E798BBFA416}.Release|x64.Build.0 = Release|x64
		{2EC73647-7736-46F2-A333-7E798BBFA416}.Release|x64.Deploy.0 = Release|x64
		{2EC73647-7736-46F2-A333-7E798BBFA416}.Release|x86.ActiveCfg = Release|x86
		{2EC73647-7736-46F2-A333-7E798BBFA416}.Release|x86.Build.0 = Release|x86
		{2EC73647-7736-46F2-A333-7E798BBFA416}.Release|x86.Deploy.0 = Release|x86
		{205841B3-0DBD-4AC4-9AB8-36E48FD1A1EC}.Debug|ARM.ActiveCfg = Debug|ARM
		{205841B3-0DBD-4AC4-9AB8-36E48FD1A1EC}.Debug|ARM.Build.0 = Debug|ARM
		{205841B3-0DBD-4AC4-9AB8-36E48FD1A1EC}.Debug|ARM.Deploy.0 = Debug|ARM
		{205841B3-0DBD-4AC4-9AB8-36E48FD1A1EC}.Debug|ARM64.ActiveCfg = Debug|ARM64
		{205841B3-0DBD-4AC4-9AB8-36E48FD1A1EC}.Debug|ARM64.Build.0 = Debug|ARM64
		{205841B3-0DBD-4AC4-9AB8-36E48FD1A1EC}.Debug|ARM64.Deploy.0 = Debug|ARM64
		{205841B3-0DBD-4AC4-9AB8-36E48FD1A1EC}.Debug|x64.ActiveCfg = Debug|x64
		{205841B3-0DBD-4AC4-9AB8-36E48FD1A1EC}.Debug|x64.Build.0 = Debug|x64
		{205841B3-0DBD-4AC4-9AB8-36E48FD1A1EC}.Debug|x64.Deploy.0 = Debug|x64
		{205841B3-0DBD-4AC4-9AB8-36E48FD1A1EC}.Debug|x86.ActiveCfg = Debug|x86
		{205841B3-0DBD-4AC4-9AB8-36E48FD1A1EC}.Debug|x86.Build.0 = Debug|x86
		{205841B3-0DBD-4AC4-9AB8-36E48FD1A1EC}.Debug|x86.Deploy.0 = Debug|x86
		{205841B3-0DBD-4AC4-9AB8-36E48FD1A1EC}.Release|ARM.ActiveCfg = Release|ARM
		{205841B3-0DBD-4AC4-9AB8-36E48FD1A1EC}.Release|ARM.Build.0 = Release|ARM
		{205841B3-0DBD-4AC4-9AB8-36E48FD1A1EC}.Release|ARM.Deploy.0 = Release|ARM
		{205841B3-0DBD-4AC4-9AB8-36E48FD1A1EC}.Release|ARM64.ActiveCfg = Release|ARM64
		{205841B3-0DBD-4AC4-9AB8-36E48FD1A1EC}.Release|ARM64.Build.0 = Release|ARM64
		{205841B3-0DBD-4AC4-9AB8-36E48FD1A1EC}.Release|ARM64.Deploy.0 = Release|ARM64
		{205841B3-0DBD-4AC4-9AB8-36E48FD1A1EC}.Release|x64.ActiveCfg = Release|x64
		{205841B3-0DBD-4AC4-9AB8-36E48FD1A1EC}.Release|x64.Build.0 = Release|x64
		{205841B3-0DBD-4AC4-9AB8-36E48FD1A1EC}.Release|x64.Deploy.0 = Release|x64
		{205841B3-0DBD-4AC4-9AB8-36E48FD1A1EC}.Release|x86.ActiveCfg = Release|x86
		{205841B3-0DBD-4AC4-9AB8-36E48FD1A1EC}.Release|x86.Build.0 = Release|x86
		{205841B3-0DBD-4AC4-9AB8-36E48FD1A1EC}.Release|x86.Deploy.0 = Release|x86
		{DA93E06A-0E25-42FE-8D64-B76949058A12}.Debug|ARM.ActiveCfg = Debug|Win32
		{DA93E06A-0E25-42FE-8D64-B76949058A12}.Debug|ARM64.ActiveCfg = Debug|Win32
		{DA93E06A-0E25-42FE-8D64-B76949058A12}.Debug|x64.ActiveCfg = Debug|x64
		{DA93E06A-0E25-42FE-8D64-B76949058A12}.Debug|x64.Build.0 = Debug|x64
		{DA93E06A-0E25-42FE-8D64-B76949058A12}.Debug|x86.ActiveCfg = Debug|Win32
		{DA93E06A-0E25-42FE-8D64-B76949058A12}.Debug|x86.Build.0 = Debug|Win32
		{DA93E06A-0E25-42FE-8D64-B76949058A12}.Release|ARM.ActiveCfg = Release|Win32
		{DA93E06A-0E25-42FE-8D64-B76949058A12}.Release|ARM64.ActiveCfg = Release|Win32
		{DA93E06A-0E25-42FE-8D64-B76949058A12}.Release|x64.ActiveCfg = Release|x64
		{DA93E06A-0E25-42FE-8D64-B76949058A12}.Release|x64.Build.0 = Release|x64
		{DA93E06A-0E25-42FE-8D64-B76949058A12}.Release|x86.ActiveCfg = Release|Win32
		{DA93E06A-0E25-42FE-8D64-B76949058A12}.Release|x86.Build.0 = Release|Win32
		{754D986A-A6B5-4A65-B570-2124F34ADB87}.Debug|ARM.ActiveCfg = Debug|ARM
		{754D986A-A6B5-4A65-B570-2124F34ADB87}.Debug|ARM.Build.0 = Debug|ARM
		{754D986A-A6B5-4A65-B570-2124F34ADB87}.Debug|ARM.Deploy.0 = Debug|ARM
		{754D986A-A6B5-4A65-B570-2124F34ADB87}.Debug|ARM64.ActiveCfg = Debug|ARM64
		{754D986A-A6B5-4A65-B570-2124F34ADB87}.Debug|ARM64.Build.0 = Debug|ARM64
		{754D986A-A6B5-4A65-B570-2124F34ADB87}.Debug|ARM64.Deploy.0 = Debug|ARM64
		{754D986A-A6B5-4A65-B570-2124F34ADB87}.Debug|x64.ActiveCfg = Debug|x64
		{754D986A-A6B5-4A65-B570-2124F34ADB87}.Debug|x64.Build.0 = Debug|x64
		{754D986A-A6B5-4A65-B570-2124F34ADB87}.Debug|x64.Deploy.0 = Debug|x64
		{754D986A-A6B5-4A65-B570-2124F34ADB87}.Debug|x86.ActiveCfg = Debug|x86
		{754D986A-A6B5-4A65-B570-2124F34ADB87}.Debug|x86.Build.0 = Debug|x86
		{754D986A-A6B5-4A65-B570-2124F34ADB87}.Debug|x86.Deploy.0 = Debug|x86
		{754D986A-A6B5-4A65-B570-2124F34ADB87}.Release|ARM.ActiveCfg = Release|ARM
		{754D986A-A6B5-4A65-B570-2124F34ADB87}.Release|ARM.Build.0 = Release|ARM
		{754D986A-A6B5-4A65-B570-2124F34ADB87}.Release|ARM.Deploy.0 = Release|ARM
		{754D986A-A6B5-4A65-B570-2124F34ADB87}.Release|ARM64.ActiveCfg = Release|ARM64
		{754D986A-A6B5-4A65-B570-2124F34ADB87}.Release|ARM64.Build.0 = Release|ARM64
		{754D986A-A6B5-4A65-B570-2124F34ADB87}.Release|ARM64.Deploy.0 = Release|ARM64
		{754D986A-A6B5-4A65-B570-2124F34ADB87}.Release|x64.ActiveCfg = Release|x64
		{754D986A-A6B5-4A65-B570-2124F34ADB87}.Release|x64.Build.0 = Release|x64
		{754D986A-A6B5-4A65-B570-2124F34ADB87}.Release|x64.Deploy.0 = Release|x64
		{754D986A-A6B5-4A65-B570-2124F34ADB87}.Release|x86.ActiveCfg = Release|x86
		{754D986A-A6B5-4A65-B570-2124F34ADB87}.Release|x86.Build.0 = Release|x86
		{754D986A-A6B5-4A65-B570-2124F34ADB87}.Release|x86.Deploy.0 = Release|x86
	EndGlobalSection
	GlobalSection(SolutionProperties) = preSolution
		HideSolutionNode = FALSE
	EndGlobalSection
	GlobalSection(ExtensibilityGlobals) = postSolution
		SolutionGuid = {7761F6B2-C1C4-49AD-869D-DB26F3A433AE}
	EndGlobalSection
EndGlobal
